
Microsoft Visual Studio Solution File, Format Version 12.00
# Visual Studio Version 17
VisualStudioVersion = 17.2.32630.192
MinimumVisualStudioVersion = 10.0.40219.1
Project("{FAE04EC0-301F-11D3-BF4B-00C04F79EFBC}") = "GraphRectangle", "GraphRectangle\GraphRectangle.csproj", "{42A91E3C-3408-4BB2-A375-EB1839A6E10F}"
EndProject
Global
	GlobalSection(SolutionConfigurationPlatforms) = preSolution
		Debug|Any CPU = Debug|Any CPU
		Release|Any CPU = Release|Any CPU
	EndGlobalSection
	GlobalSection(ProjectConfigurationPlatforms) = postSolution
		{42A91E3C-3408-4BB2-A375-EB1839A6E10F}.Debug|Any CPU.ActiveCfg = Debug|Any CPU
		{42A91E3C-3408-4BB2-A375-EB1839A6E10F}.Debug|Any CPU.Build.0 = Debug|Any CPU
		{42A91E3C-3408-4BB2-A375-EB1839A6E10F}.Release|Any CPU.ActiveCfg = Release|Any CPU
		{42A91E3C-3408-4BB2-A375-EB1839A6E10F}.Release|Any CPU.Build.0 = Release|Any CPU
	EndGlobalSection
	GlobalSection(SolutionProperties) = preSolution
		HideSolutionNode = FALSE
	EndGlobalSection
	GlobalSection(ExtensibilityGlobals) = postSolution
		SolutionGuid = {C08F4775-8CF1-46B9-8EE9-ADA7095E44F5}
	EndGlobalSection
EndGlobal
